
Microsoft Visual Studio Solution File, Format Version 12.00
# Visual Studio Version 17
VisualStudioVersion = 17.4.33205.214
MinimumVisualStudioVersion = 10.0.40219.1
Project("{FAE04EC0-301F-11D3-BF4B-00C04F79EFBC}") = "SDLab3", "SDLab3.csproj", "{07EA70AF-A746-48AD-86EC-D975C44F9794}"
EndProject
Global
	GlobalSection(SolutionConfigurationPlatforms) = preSolution
		Debug|Any CPU = Debug|Any CPU
		Release|Any CPU = Release|Any CPU
	EndGlobalSection
	GlobalSection(ProjectConfigurationPlatforms) = postSolution
		{07EA70AF-A746-48AD-86EC-D975C44F9794}.Debug|Any CPU.ActiveCfg = Debug|Any CPU
		{07EA70AF-A746-48AD-86EC-D975C44F9794}.Debug|Any CPU.Build.0 = Debug|Any CPU
		{07EA70AF-A746-48AD-86EC-D975C44F9794}.Release|Any CPU.ActiveCfg = Release|Any CPU
		{07EA70AF-A746-48AD-86EC-D975C44F9794}.Release|Any CPU.Build.0 = Release|Any CPU
	EndGlobalSection
	GlobalSection(SolutionProperties) = preSolution
		HideSolutionNode = FALSE
	EndGlobalSection
	GlobalSection(ExtensibilityGlobals) = postSolution
		SolutionGuid = {B9EBE110-C981-4A90-B850-C240EB9A3C4D}
	EndGlobalSection
EndGlobal
