
Microsoft Visual Studio Solution File, Format Version 12.00
# Visual Studio Version 17
VisualStudioVersion = 17.4.33205.214
MinimumVisualStudioVersion = 10.0.40219.1
Project("{FAE04EC0-301F-11D3-BF4B-00C04F79EFBC}") = "Paint", "Paint.csproj", "{64E014CE-527E-4FC2-98ED-52C26F0C9DBC}"
EndProject
Global
	GlobalSection(SolutionConfigurationPlatforms) = preSolution
		Debug|Any CPU = Debug|Any CPU
		Release|Any CPU = Release|Any CPU
	EndGlobalSection
	GlobalSection(ProjectConfigurationPlatforms) = postSolution
		{64E014CE-527E-4FC2-98ED-52C26F0C9DBC}.Debug|Any CPU.ActiveCfg = Debug|Any CPU
		{64E014CE-527E-4FC2-98ED-52C26F0C9DBC}.Debug|Any CPU.Build.0 = Debug|Any CPU
		{64E014CE-527E-4FC2-98ED-52C26F0C9DBC}.Release|Any CPU.ActiveCfg = Release|Any CPU
		{64E014CE-527E-4FC2-98ED-52C26F0C9DBC}.Release|Any CPU.Build.0 = Release|Any CPU
	EndGlobalSection
	GlobalSection(SolutionProperties) = preSolution
		HideSolutionNode = FALSE
	EndGlobalSection
	GlobalSection(ExtensibilityGlobals) = postSolution
		SolutionGuid = {53039DF2-2920-4CFB-877F-6B060D45111F}
	EndGlobalSection
EndGlobal
